
Microsoft Visual Studio Solution File, Format Version 12.00
# Visual Studio 15
VisualStudioVersion = 15.0.28307.1401
MinimumVisualStudioVersion = 10.0.40219.1
Project("{FAE04EC0-301F-11D3-BF4B-00C04F79EFBC}") = "CSVImportAndExport", "CSVImportAndExport\CSVImportAndExport.csproj", "{D9CD48D1-8FEE-40DB-A342-399D1C1AEF95}"
EndProject
Project("{FAE04EC0-301F-11D3-BF4B-00C04F79EFBC}") = "BLL", "CustomerBLL\BLL.csproj", "{77E05554-3612-449F-AF83-C275D89E6485}"
EndProject
Project("{FAE04EC0-301F-11D3-BF4B-00C04F79EFBC}") = "DAL", "CustomerDAL\DAL.csproj", "{AE63A70A-CF94-431F-A5CA-F46999FFEB97}"
EndProject
Project("{FAE04EC0-301F-11D3-BF4B-00C04F79EFBC}") = "IDAL", "IDAL\IDAL.csproj", "{2B902CF7-1C5A-4853-8B3C-E1802804D5EB}"
EndProject
Project("{FAE04EC0-301F-11D3-BF4B-00C04F79EFBC}") = "Model", "MODEL\Model.csproj", "{13384A0D-586C-476E-A40F-21C848159145}"
EndProject
Global
	GlobalSection(SolutionConfigurationPlatforms) = preSolution
		Debug|Any CPU = Debug|Any CPU
		Release|Any CPU = Release|Any CPU
	EndGlobalSection
	GlobalSection(ProjectConfigurationPlatforms) = postSolution
		{D9CD48D1-8FEE-40DB-A342-399D1C1AEF95}.Debug|Any CPU.ActiveCfg = Debug|Any CPU
		{D9CD48D1-8FEE-40DB-A342-399D1C1AEF95}.Debug|Any CPU.Build.0 = Debug|Any CPU
		{D9CD48D1-8FEE-40DB-A342-399D1C1AEF95}.Release|Any CPU.ActiveCfg = Release|Any CPU
		{D9CD48D1-8FEE-40DB-A342-399D1C1AEF95}.Release|Any CPU.Build.0 = Release|Any CPU
		{77E05554-3612-449F-AF83-C275D89E6485}.Debug|Any CPU.ActiveCfg = Debug|Any CPU
		{77E05554-3612-449F-AF83-C275D89E6485}.Debug|Any CPU.Build.0 = Debug|Any CPU
		{77E05554-3612-449F-AF83-C275D89E6485}.Release|Any CPU.ActiveCfg = Release|Any CPU
		{77E05554-3612-449F-AF83-C275D89E6485}.Release|Any CPU.Build.0 = Release|Any CPU
		{AE63A70A-CF94-431F-A5CA-F46999FFEB97}.Debug|Any CPU.ActiveCfg = Debug|Any CPU
		{AE63A70A-CF94-431F-A5CA-F46999FFEB97}.Debug|Any CPU.Build.0 = Debug|Any CPU
		{AE63A70A-CF94-431F-A5CA-F46999FFEB97}.Release|Any CPU.ActiveCfg = Release|Any CPU
		{AE63A70A-CF94-431F-A5CA-F46999FFEB97}.Release|Any CPU.Build.0 = Release|Any CPU
		{2B902CF7-1C5A-4853-8B3C-E1802804D5EB}.Debug|Any CPU.ActiveCfg = Debug|Any CPU
		{2B902CF7-1C5A-4853-8B3C-E1802804D5EB}.Debug|Any CPU.Build.0 = Debug|Any CPU
		{2B902CF7-1C5A-4853-8B3C-E1802804D5EB}.Release|Any CPU.ActiveCfg = Release|Any CPU
		{2B902CF7-1C5A-4853-8B3C-E1802804D5EB}.Release|Any CPU.Build.0 = Release|Any CPU
		{13384A0D-586C-476E-A40F-21C848159145}.Debug|Any CPU.ActiveCfg = Debug|Any CPU
		{13384A0D-586C-476E-A40F-21C848159145}.Debug|Any CPU.Build.0 = Debug|Any CPU
		{13384A0D-586C-476E-A40F-21C848159145}.Release|Any CPU.ActiveCfg = Release|Any CPU
		{13384A0D-586C-476E-A40F-21C848159145}.Release|Any CPU.Build.0 = Release|Any CPU
	EndGlobalSection
	GlobalSection(SolutionProperties) = preSolution
		HideSolutionNode = FALSE
	EndGlobalSection
	GlobalSection(ExtensibilityGlobals) = postSolution
		SolutionGuid = {2299102C-52F5-4C07-AFE4-8D7BDAB0A31C}
	EndGlobalSection
EndGlobal
